
Microsoft Visual Studio Solution File, Format Version 12.00
# Visual Studio Version 16
VisualStudioVersion = 16.0.29001.49
MinimumVisualStudioVersion = 10.0.40219.1
Project("{8BC9CEB8-8B4A-11D0-8D11-00A0C91BC942}") = "CG_Exercises_s11", "CG_Exercises_s11\CG_Exercises_s11.vcxproj", "{0F3A1F9E-1D81-4F23-8315-71003E1469E7}"
EndProject
Global
	GlobalSection(SolutionConfigurationPlatforms) = preSolution
		Debug|x64 = Debug|x64
		Debug|x86 = Debug|x86
		Release|x64 = Release|x64
		Release|x86 = Release|x86
	EndGlobalSection
	GlobalSection(ProjectConfigurationPlatforms) = postSolution
		{0F3A1F9E-1D81-4F23-8315-71003E1469E7}.Debug|x64.ActiveCfg = Debug|x64
		{0F3A1F9E-1D81-4F23-8315-71003E1469E7}.Debug|x64.Build.0 = Debug|x64
		{0F3A1F9E-1D81-4F23-8315-71003E1469E7}.Debug|x86.ActiveCfg = Debug|Win32
		{0F3A1F9E-1D81-4F23-8315-71003E1469E7}.Debug|x86.Build.0 = Debug|Win32
		{0F3A1F9E-1D81-4F23-8315-71003E1469E7}.Release|x64.ActiveCfg = Release|x64
		{0F3A1F9E-1D81-4F23-8315-71003E1469E7}.Release|x64.Build.0 = Release|x64
		{0F3A1F9E-1D81-4F23-8315-71003E1469E7}.Release|x86.ActiveCfg = Release|Win32
		{0F3A1F9E-1D81-4F23-8315-71003E1469E7}.Release|x86.Build.0 = Release|Win32
	EndGlobalSection
	GlobalSection(SolutionProperties) = preSolution
		HideSolutionNode = FALSE
	EndGlobalSection
	GlobalSection(ExtensibilityGlobals) = postSolution
		SolutionGuid = {2A1174CE-EC0A-46D5-B86D-7496C97D122A}
	EndGlobalSection
EndGlobal
